PODS:
  - Surge (1.0.0)
  - SwiftCharts (0.5.1)

DEPENDENCIES:
  - Surge (from `https://github.com/mattt/Surge.git`, commit `88bc48b`)
  - SwiftCharts (from `https://github.com/i-schuetz/SwiftCharts.git`, tag `0.5.1`)

EXTERNAL SOURCES:
  Surge:
    :commit: 88bc48b
    :git: https://github.com/mattt/Surge.git
  SwiftCharts:
    :git: https://github.com/i-schuetz/SwiftCharts.git
    :tag: 0.5.1

CHECKOUT OPTIONS:
  Surge:
    :commit: 88bc48b
    :git: https://github.com/mattt/Surge.git
  SwiftCharts:
    :git: https://github.com/i-schuetz/SwiftCharts.git
    :tag: 0.5.1

SPEC CHECKSUMS:
  Surge: ffbda0ae9f5da27fe2c7c40260bfafeddefb45d8
  SwiftCharts: 5c711f225e65bb967bf9ac952888670d461b80af

PODFILE CHECKSUM: a2dc678b98643d9a314b66667df3bdc64e7df62c

COCOAPODS: 1.1.1
