PODS:
  - Surge (1.0.0)
  - SwiftCharts (0.4)

DEPENDENCIES:
  - Surge (from `https://github.com/mattt/Surge.git`)
  - SwiftCharts (from `https://github.com/i-schuetz/SwiftCharts.git`)

EXTERNAL SOURCES:
  Surge:
    :git: https://github.com/mattt/Surge.git
  SwiftCharts:
    :git: https://github.com/i-schuetz/SwiftCharts.git

CHECKOUT OPTIONS:
  Surge:
    :commit: 88bc48b14b649f67384faec4db10c32cda207693
    :git: https://github.com/mattt/Surge.git
  SwiftCharts:
    :commit: 1705b493b9239cbeb74c484eb9fa9694e42e5b7d
    :git: https://github.com/i-schuetz/SwiftCharts.git

SPEC CHECKSUMS:
  Surge: ffbda0ae9f5da27fe2c7c40260bfafeddefb45d8
  SwiftCharts: 84b43d9d70b791459ff5f50ae5a6704326de309d

PODFILE CHECKSUM: cc1c63a82b77ed4e587bfbcce82495564b2da264

COCOAPODS: 1.0.1
